
Microsoft Visual Studio Solution File, Format Version 12.00
# Visual Studio Version 17
VisualStudioVersion = 17.0.31903.59
MinimumVisualStudioVersion = 10.0.40219.1
Project("{FAE04EC0-301F-11D3-BF4B-00C04F79EFBC}") = "Benday.DemoApp.WebApi", "Benday.DemoApp.WebApi\Benday.DemoApp.WebApi.csproj", "{DCA5AE50-5980-41CE-A140-036D025C078A}"
EndProject
Project("{FAE04EC0-301F-11D3-BF4B-00C04F79EFBC}") = "Benday.DemoApp.Api", "Benday.DemoApp.Api\Benday.DemoApp.Api.csproj", "{20203DE2-57D7-470D-9E93-671328CE3336}"
EndProject
Project("{FAE04EC0-301F-11D3-BF4B-00C04F79EFBC}") = "Benday.DemoApp.IntegrationTests", "Benday.DemoApp.IntegrationTests\Benday.DemoApp.IntegrationTests.csproj", "{54D98E2B-5BBB-497A-B4E3-EB460DD90A34}"
EndProject
Project("{FAE04EC0-301F-11D3-BF4B-00C04F79EFBC}") = "Benday.DemoApp.UnitTests", "Benday.DemoApp.UnitTests\Benday.DemoApp.UnitTests.csproj", "{1D836EA7-EB05-4280-AC56-1AF5AE1B9AFE}"
EndProject
Project("{FAE04EC0-301F-11D3-BF4B-00C04F79EFBC}") = "Benday.Identity.CosmosDb", "Benday.Identity.CosmosDb\Benday.Identity.CosmosDb.csproj", "{FC8C666F-F2FD-47B1-B108-20FA1C660366}"
EndProject
Global
	GlobalSection(SolutionConfigurationPlatforms) = preSolution
		Debug|Any CPU = Debug|Any CPU
		Debug|x64 = Debug|x64
		Debug|x86 = Debug|x86
		Release|Any CPU = Release|Any CPU
		Release|x64 = Release|x64
		Release|x86 = Release|x86
	EndGlobalSection
	GlobalSection(ProjectConfigurationPlatforms) = postSolution
		{DCA5AE50-5980-41CE-A140-036D025C078A}.Debug|Any CPU.ActiveCfg = Debug|Any CPU
		{DCA5AE50-5980-41CE-A140-036D025C078A}.Debug|Any CPU.Build.0 = Debug|Any CPU
		{DCA5AE50-5980-41CE-A140-036D025C078A}.Debug|x64.ActiveCfg = Debug|Any CPU
		{DCA5AE50-5980-41CE-A140-036D025C078A}.Debug|x64.Build.0 = Debug|Any CPU
		{DCA5AE50-5980-41CE-A140-036D025C078A}.Debug|x86.ActiveCfg = Debug|Any CPU
		{DCA5AE50-5980-41CE-A140-036D025C078A}.Debug|x86.Build.0 = Debug|Any CPU
		{DCA5AE50-5980-41CE-A140-036D025C078A}.Release|Any CPU.ActiveCfg = Release|Any CPU
		{DCA5AE50-5980-41CE-A140-036D025C078A}.Release|Any CPU.Build.0 = Release|Any CPU
		{DCA5AE50-5980-41CE-A140-036D025C078A}.Release|x64.ActiveCfg = Release|Any CPU
		{DCA5AE50-5980-41CE-A140-036D025C078A}.Release|x64.Build.0 = Release|Any CPU
		{DCA5AE50-5980-41CE-A140-036D025C078A}.Release|x86.ActiveCfg = Release|Any CPU
		{DCA5AE50-5980-41CE-A140-036D025C078A}.Release|x86.Build.0 = Release|Any CPU
		{20203DE2-57D7-470D-9E93-671328CE3336}.Debug|Any CPU.ActiveCfg = Debug|Any CPU
		{20203DE2-57D7-470D-9E93-671328CE3336}.Debug|Any CPU.Build.0 = Debug|Any CPU
		{20203DE2-57D7-470D-9E93-671328CE3336}.Debug|x64.ActiveCfg = Debug|Any CPU
		{20203DE2-57D7-470D-9E93-671328CE3336}.Debug|x64.Build.0 = Debug|Any CPU
		{20203DE2-57D7-470D-9E93-671328CE3336}.Debug|x86.ActiveCfg = Debug|Any CPU
		{20203DE2-57D7-470D-9E93-671328CE3336}.Debug|x86.Build.0 = Debug|Any CPU
		{20203DE2-57D7-470D-9E93-671328CE3336}.Release|Any CPU.ActiveCfg = Release|Any CPU
		{20203DE2-57D7-470D-9E93-671328CE3336}.Release|Any CPU.Build.0 = Release|Any CPU
		{20203DE2-57D7-470D-9E93-671328CE3336}.Release|x64.ActiveCfg = Release|Any CPU
		{20203DE2-57D7-470D-9E93-671328CE3336}.Release|x64.Build.0 = Release|Any CPU
		{20203DE2-57D7-470D-9E93-671328CE3336}.Release|x86.ActiveCfg = Release|Any CPU
		{20203DE2-57D7-470D-9E93-671328CE3336}.Release|x86.Build.0 = Release|Any CPU
		{54D98E2B-5BBB-497A-B4E3-EB460DD90A34}.Debug|Any CPU.ActiveCfg = Debug|Any CPU
		{54D98E2B-5BBB-497A-B4E3-EB460DD90A34}.Debug|Any CPU.Build.0 = Debug|Any CPU
		{54D98E2B-5BBB-497A-B4E3-EB460DD90A34}.Debug|x64.ActiveCfg = Debug|Any CPU
		{54D98E2B-5BBB-497A-B4E3-EB460DD90A34}.Debug|x64.Build.0 = Debug|Any CPU
		{54D98E2B-5BBB-497A-B4E3-EB460DD90A34}.Debug|x86.ActiveCfg = Debug|Any CPU
		{54D98E2B-5BBB-497A-B4E3-EB460DD90A34}.Debug|x86.Build.0 = Debug|Any CPU
		{54D98E2B-5BBB-497A-B4E3-EB460DD90A34}.Release|Any CPU.ActiveCfg = Release|Any CPU
		{54D98E2B-5BBB-497A-B4E3-EB460DD90A34}.Release|Any CPU.Build.0 = Release|Any CPU
		{54D98E2B-5BBB-497A-B4E3-EB460DD90A34}.Release|x64.ActiveCfg = Release|Any CPU
		{54D98E2B-5BBB-497A-B4E3-EB460DD90A34}.Release|x64.Build.0 = Release|Any CPU
		{54D98E2B-5BBB-497A-B4E3-EB460DD90A34}.Release|x86.ActiveCfg = Release|Any CPU
		{54D98E2B-5BBB-497A-B4E3-EB460DD90A34}.Release|x86.Build.0 = Release|Any CPU
		{1D836EA7-EB05-4280-AC56-1AF5AE1B9AFE}.Debug|Any CPU.ActiveCfg = Debug|Any CPU
		{1D836EA7-EB05-4280-AC56-1AF5AE1B9AFE}.Debug|Any CPU.Build.0 = Debug|Any CPU
		{1D836EA7-EB05-4280-AC56-1AF5AE1B9AFE}.Debug|x64.ActiveCfg = Debug|Any CPU
		{1D836EA7-EB05-4280-AC56-1AF5AE1B9AFE}.Debug|x64.Build.0 = Debug|Any CPU
		{1D836EA7-EB05-4280-AC56-1AF5AE1B9AFE}.Debug|x86.ActiveCfg = Debug|Any CPU
		{1D836EA7-EB05-4280-AC56-1AF5AE1B9AFE}.Debug|x86.Build.0 = Debug|Any CPU
		{1D836EA7-EB05-4280-AC56-1AF5AE1B9AFE}.Release|Any CPU.ActiveCfg = Release|Any CPU
		{1D836EA7-EB05-4280-AC56-1AF5AE1B9AFE}.Release|Any CPU.Build.0 = Release|Any CPU
		{1D836EA7-EB05-4280-AC56-1AF5AE1B9AFE}.Release|x64.ActiveCfg = Release|Any CPU
		{1D836EA7-EB05-4280-AC56-1AF5AE1B9AFE}.Release|x64.Build.0 = Release|Any CPU
		{1D836EA7-EB05-4280-AC56-1AF5AE1B9AFE}.Release|x86.ActiveCfg = Release|Any CPU
		{1D836EA7-EB05-4280-AC56-1AF5AE1B9AFE}.Release|x86.Build.0 = Release|Any CPU
		{FC8C666F-F2FD-47B1-B108-20FA1C660366}.Debug|Any CPU.ActiveCfg = Debug|Any CPU
		{FC8C666F-F2FD-47B1-B108-20FA1C660366}.Debug|Any CPU.Build.0 = Debug|Any CPU
		{FC8C666F-F2FD-47B1-B108-20FA1C660366}.Debug|x64.ActiveCfg = Debug|Any CPU
		{FC8C666F-F2FD-47B1-B108-20FA1C660366}.Debug|x64.Build.0 = Debug|Any CPU
		{FC8C666F-F2FD-47B1-B108-20FA1C660366}.Debug|x86.ActiveCfg = Debug|Any CPU
		{FC8C666F-F2FD-47B1-B108-20FA1C660366}.Debug|x86.Build.0 = Debug|Any CPU
		{FC8C666F-F2FD-47B1-B108-20FA1C660366}.Release|Any CPU.ActiveCfg = Release|Any CPU
		{FC8C666F-F2FD-47B1-B108-20FA1C660366}.Release|Any CPU.Build.0 = Release|Any CPU
		{FC8C666F-F2FD-47B1-B108-20FA1C660366}.Release|x64.ActiveCfg = Release|Any CPU
		{FC8C666F-F2FD-47B1-B108-20FA1C660366}.Release|x64.Build.0 = Release|Any CPU
		{FC8C666F-F2FD-47B1-B108-20FA1C660366}.Release|x86.ActiveCfg = Release|Any CPU
		{FC8C666F-F2FD-47B1-B108-20FA1C660366}.Release|x86.Build.0 = Release|Any CPU
	EndGlobalSection
	GlobalSection(SolutionProperties) = preSolution
		HideSolutionNode = FALSE
	EndGlobalSection
	GlobalSection(ExtensibilityGlobals) = postSolution
		SolutionGuid = {ECB8115C-2BF3-4925-9465-478BB85686DC}
	EndGlobalSection
EndGlobal
